// !$*UTF8*$!
{
	archiveVersion = 1;
	classes = {
	};
	objectVersion = 46;
	objects = {

/* Begin PBXBuildFile section */
		4625D65F1909EB4900F88DC4 /* Foundation.framework in Frameworks */ = {isa = PBXBuildFile; fileRef = 4625D65E1909EB4900F88DC4 /* Foundation.framework */; };
		4625D6611909EB4900F88DC4 /* CoreGraphics.framework in Frameworks */ = {isa = PBXBuildFile; fileRef = 4625D6601909EB4900F88DC4 /* CoreGraphics.framework */; };
		4625D6631909EB4900F88DC4 /* UIKit.framework in Frameworks */ = {isa = PBXBuildFile; fileRef = 4625D6621909EB4900F88DC4 /* UIKit.framework */; };
		4625D6691909EB4900F88DC4 /* InfoPlist.strings in Resources */ = {isa = PBXBuildFile; fileRef = 4625D6671909EB4900F88DC4 /* InfoPlist.strings */; };
		4625D66B1909EB4900F88DC4 /* main.m in Sources */ = {isa = PBXBuildFile; fileRef = 4625D66A1909EB4900F88DC4 /* main.m */; };
		4625D66F1909EB4900F88DC4 /* LBTAppDelegate.m in Sources */ = {isa = PBXBuildFile; fileRef = 4625D66E1909EB4900F88DC4 /* LBTAppDelegate.m */; };
		4625D6721909EB4900F88DC4 /* Main.storyboard in Resources */ = {isa = PBXBuildFile; fileRef = 4625D6701909EB4900F88DC4 /* Main.storyboard */; };
		4625D6751909EB4900F88DC4 /* LBTViewController.m in Sources */ = {isa = PBXBuildFile; fileRef = 4625D6741909EB4900F88DC4 /* LBTViewController.m */; };
		4625D6771909EB4900F88DC4 /* Images.xcassets in Resources */ = {isa = PBXBuildFile; fileRef = 4625D6761909EB4900F88DC4 /* Images.xcassets */; };
		4625D67E1909EB4900F88DC4 /* XCTest.framework in Frameworks */ = {isa = PBXBuildFile; fileRef = 4625D67D1909EB4900F88DC4 /* XCTest.framework */; };
		4625D67F1909EB4900F88DC4 /* Foundation.framework in Frameworks */ = {isa = PBXBuildFile; fileRef = 4625D65E1909EB4900F88DC4 /* Foundation.framework */; };
		4625D6801909EB4900F88DC4 /* UIKit.framework in Frameworks */ = {isa = PBXBuildFile; fileRef = 4625D6621909EB4900F88DC4 /* UIKit.framework */; };
		4625D6881909EB4900F88DC4 /* InfoPlist.strings in Resources */ = {isa = PBXBuildFile; fileRef = 4625D6861909EB4900F88DC4 /* InfoPlist.strings */; };
		4625D68A1909EB4900F88DC4 /* KeyboardResizeTests.m in Sources */ = {isa = PBXBuildFile; fileRef = 4625D6891909EB4900F88DC4 /* KeyboardResizeTests.m */; };
/* End PBXBuildFile section */

/* Begin PBXContainerItemProxy section */
		4625D6811909EB4900F88DC4 /* PBXContainerItemProxy */ = {
			isa = PBXContainerItemProxy;
			containerPortal = 4625D6531909EB4900F88DC4 /* Project object */;
			proxyType = 1;
			remoteGlobalIDString = 4625D65A1909EB4900F88DC4;
			remoteInfo = KeyboardResize;
		};
/* End PBXContainerItemProxy section */

/* Begin PBXFileReference section */
		4625D65B1909EB4900F88DC4 /* KeyboardResize.app */ = {isa = PBXFileReference; explicitFileType = wrapper.application; includeInIndex = 0; path = KeyboardResize.app; sourceTree = BUILT_PRODUCTS_DIR; };
		4625D65E1909EB4900F88DC4 /* Foundation.framework */ = {isa = PBXFileReference; lastKnownFileType = wrapper.framework; name = Foundation.framework; path = System/Library/Frameworks/Foundation.framework; sourceTree = SDKROOT; };
		4625D6601909EB4900F88DC4 /* CoreGraphics.framework */ = {isa = PBXFileReference; lastKnownFileType = wrapper.framework; name = CoreGraphics.framework; path = System/Library/Frameworks/CoreGraphics.framework; sourceTree = SDKROOT; };
		4625D6621909EB4900F88DC4 /* UIKit.framework */ = {isa = PBXFileReference; lastKnownFileType = wrapper.framework; name = UIKit.framework; path = System/Library/Frameworks/UIKit.framework; sourceTree = SDKROOT; };
		4625D6661909EB4900F88DC4 /* KeyboardResize-Info.plist */ = {isa = PBXFileReference; lastKnownFileType = text.plist.xml; path = "KeyboardResize-Info.plist"; sourceTree = "<group>"; };
		4625D6681909EB4900F88DC4 /* en */ = {isa = PBXFileReference; lastKnownFileType = text.plist.strings; name = en; path = en.lproj/InfoPlist.strings; sourceTree = "<group>"; };
		4625D66A1909EB4900F88DC4 /* main.m */ = {isa = PBXFileReference; lastKnownFileType = sourcecode.c.objc; path = main.m; sourceTree = "<group>"; };
		4625D66C1909EB4900F88DC4 /* KeyboardResize-Prefix.pch */ = {isa = PBXFileReference; lastKnownFileType = sourcecode.c.h; path = "KeyboardResize-Prefix.pch"; sourceTree = "<group>"; };
		4625D66D1909EB4900F88DC4 /* LBTAppDelegate.h */ = {isa = PBXFileReference; lastKnownFileType = sourcecode.c.h; path = LBTAppDelegate.h; sourceTree = "<group>"; };
		4625D66E1909EB4900F88DC4 /* LBTAppDelegate.m */ = {isa = PBXFileReference; lastKnownFileType = sourcecode.c.objc; path = LBTAppDelegate.m; sourceTree = "<group>"; };
		4625D6711909EB4900F88DC4 /* Base */ = {isa = PBXFileReference; lastKnownFileType = file.storyboard; name = Base; path = Base.lproj/Main.storyboard; sourceTree = "<group>"; };
		4625D6731909EB4900F88DC4 /* LBTViewController.h */ = {isa = PBXFileReference; lastKnownFileType = sourcecode.c.h; path = LBTViewController.h; sourceTree = "<group>"; };
		4625D6741909EB4900F88DC4 /* LBTViewController.m */ = {isa = PBXFileReference; lastKnownFileType = sourcecode.c.objc; path = LBTViewController.m; sourceTree = "<group>"; };
		4625D6761909EB4900F88DC4 /* Images.xcassets */ = {isa = PBXFileReference; lastKnownFileType = folder.assetcatalog; path = Images.xcassets; sourceTree = "<group>"; };
		4625D67C1909EB4900F88DC4 /* KeyboardResizeTests.xctest */ = {isa = PBXFileReference; explicitFileType = wrapper.cfbundle; includeInIndex = 0; path = KeyboardResizeTests.xctest; sourceTree = BUILT_PRODUCTS_DIR; };
		4625D67D1909EB4900F88DC4 /* XCTest.framework */ = {isa = PBXFileReference; lastKnownFileType = wrapper.framework; name = XCTest.framework; path = Library/Frameworks/XCTest.framework; sourceTree = DEVELOPER_DIR; };
		4625D6851909EB4900F88DC4 /* KeyboardResizeTests-Info.plist */ = {isa = PBXFileReference; lastKnownFileType = text.plist.xml; path = "KeyboardResizeTests-Info.plist"; sourceTree = "<group>"; };
		4625D6871909EB4900F88DC4 /* en */ = {isa = PBXFileReference; lastKnownFileType = text.plist.strings; name = en; path = en.lproj/InfoPlist.strings; sourceTree = "<group>"; };
		4625D6891909EB4900F88DC4 /* KeyboardResizeTests.m */ = {isa = PBXFileReference; lastKnownFileType = sourcecode.c.objc; path = KeyboardResizeTests.m; sourceTree = "<group>"; };
/* End PBXFileReference section */

/* Begin PBXFrameworksBuildPhase section */
		4625D6581909EB4900F88DC4 /* Frameworks */ = {
			isa = PBXFrameworksBuildPhase;
			buildActionMask = 2147483647;
			files = (
				4625D6611909EB4900F88DC4 /* CoreGraphics.framework in Frameworks */,
				4625D6631909EB4900F88DC4 /* UIKit.framework in Frameworks */,
				4625D65F1909EB4900F88DC4 /* Foundation.framework in Frameworks */,
			);
			runOnlyForDeploymentPostprocessing = 0;
		};
		4625D6791909EB4900F88DC4 /* Frameworks */ = {
			isa = PBXFrameworksBuildPhase;
			buildActionMask = 2147483647;
			files = (
				4625D67E1909EB4900F88DC4 /* XCTest.framework in Frameworks */,
				4625D6801909EB4900F88DC4 /* UIKit.framework in Frameworks */,
				4625D67F1909EB4900F88DC4 /* Foundation.framework in Frameworks */,
			);
			runOnlyForDeploymentPostprocessing = 0;
		};
/* End PBXFrameworksBuildPhase section */

/* Begin PBXGroup section */
		4625D6521909EB4900F88DC4 = {
			isa = PBXGroup;
			children = (
				4625D6641909EB4900F88DC4 /* KeyboardResize */,
				4625D6831909EB4900F88DC4 /* KeyboardResizeTests */,
				4625D65D1909EB4900F88DC4 /* Frameworks */,
				4625D65C1909EB4900F88DC4 /* Products */,
			);
			sourceTree = "<group>";
		};
		4625D65C1909EB4900F88DC4 /* Products */ = {
			isa = PBXGroup;
			children = (
				4625D65B1909EB4900F88DC4 /* KeyboardResize.app */,
				4625D67C1909EB4900F88DC4 /* KeyboardResizeTests.xctest */,
			);
			name = Products;
			sourceTree = "<group>";
		};
		4625D65D1909EB4900F88DC4 /* Frameworks */ = {
			isa = PBXGroup;
			children = (
				4625D65E1909EB4900F88DC4 /* Foundation.framework */,
				4625D6601909EB4900F88DC4 /* CoreGraphics.framework */,
				4625D6621909EB4900F88DC4 /* UIKit.framework */,
				4625D67D1909EB4900F88DC4 /* XCTest.framework */,
			);
			name = Frameworks;
			sourceTree = "<group>";
		};
		4625D6641909EB4900F88DC4 /* KeyboardResize */ = {
			isa = PBXGroup;
			children = (
				4625D66D1909EB4900F88DC4 /* LBTAppDelegate.h */,
				4625D66E1909EB4900F88DC4 /* LBTAppDelegate.m */,
				4625D6701909EB4900F88DC4 /* Main.storyboard */,
				4625D6731909EB4900F88DC4 /* LBTViewController.h */,
				4625D6741909EB4900F88DC4 /* LBTViewController.m */,
				4625D6761909EB4900F88DC4 /* Images.xcassets */,
				4625D6651909EB4900F88DC4 /* Supporting Files */,
			);
			path = KeyboardResize;
			sourceTree = "<group>";
		};
		4625D6651909EB4900F88DC4 /* Supporting Files */ = {
			isa = PBXGroup;
			children = (
				4625D6661909EB4900F88DC4 /* KeyboardResize-Info.plist */,
				4625D6671909EB4900F88DC4 /* InfoPlist.strings */,
				4625D66A1909EB4900F88DC4 /* main.m */,
				4625D66C1909EB4900F88DC4 /* KeyboardResize-Prefix.pch */,
			);
			name = "Supporting Files";
			sourceTree = "<group>";
		};
		4625D6831909EB4900F88DC4 /* KeyboardResizeTests */ = {
			isa = PBXGroup;
			children = (
				4625D6891909EB4900F88DC4 /* KeyboardResizeTests.m */,
				4625D6841909EB4900F88DC4 /* Supporting Files */,
			);
			path = KeyboardResizeTests;
			sourceTree = "<group>";
		};
		4625D6841909EB4900F88DC4 /* Supporting Files */ = {
			isa = PBXGroup;
			children = (
				4625D6851909EB4900F88DC4 /* KeyboardResizeTests-Info.plist */,
				4625D6861909EB4900F88DC4 /* InfoPlist.strings */,
			);
			name = "Supporting Files";
			sourceTree = "<group>";
		};
/* End PBXGroup section */

/* Begin PBXNativeTarget section */
		4625D65A1909EB4900F88DC4 /* KeyboardResize */ = {
			isa = PBXNativeTarget;
			buildConfigurationList = 4625D68D1909EB4900F88DC4 /* Build configuration list for PBXNativeTarget "KeyboardResize" */;
			buildPhases = (
				4625D6571909EB4900F88DC4 /* Sources */,
				4625D6581909EB4900F88DC4 /* Frameworks */,
				4625D6591909EB4900F88DC4 /* Resources */,
			);
			buildRules = (
			);
			dependencies = (
			);
			name = KeyboardResize;
			productName = KeyboardResize;
			productReference = 4625D65B1909EB4900F88DC4 /* KeyboardResize.app */;
			productType = "com.apple.product-type.application";
		};
		4625D67B1909EB4900F88DC4 /* KeyboardResizeTests */ = {
			isa = PBXNativeTarget;
			buildConfigurationList = 4625D6901909EB4900F88DC4 /* Build configuration list for PBXNativeTarget "KeyboardResizeTests" */;
			buildPhases = (
				4625D6781909EB4900F88DC4 /* Sources */,
				4625D6791909EB4900F88DC4 /* Frameworks */,
				4625D67A1909EB4900F88DC4 /* Resources */,
			);
			buildRules = (
			);
			dependencies = (
				4625D6821909EB4900F88DC4 /* PBXTargetDependency */,
			);
			name = KeyboardResizeTests;
			productName = KeyboardResizeTests;
			productReference = 4625D67C1909EB4900F88DC4 /* KeyboardResizeTests.xctest */;
			productType = "com.apple.product-type.bundle.unit-test";
		};
/* End PBXNativeTarget section */

/* Begin PBXProject section */
		4625D6531909EB4900F88DC4 /* Project object */ = {
			isa = PBXProject;
			attributes = {
				CLASSPREFIX = LBT;
				LastUpgradeCheck = 0510;
				ORGANIZATIONNAME = Lullabot;
				TargetAttributes = {
					4625D67B1909EB4900F88DC4 = {
						TestTargetID = 4625D65A1909EB4900F88DC4;
					};
				};
			};
			buildConfigurationList = 4625D6561909EB4900F88DC4 /* Build configuration list for PBXProject "KeyboardResize" */;
			compatibilityVersion = "Xcode 3.2";
			developmentRegion = English;
			hasScannedForEncodings = 0;
			knownRegions = (
				en,
				Base,
			);
			mainGroup = 4625D6521909EB4900F88DC4;
			productRefGroup = 4625D65C1909EB4900F88DC4 /* Products */;
			projectDirPath = "";
			projectRoot = "";
			targets = (
				4625D65A1909EB4900F88DC4 /* KeyboardResize */,
				4625D67B1909EB4900F88DC4 /* KeyboardResizeTests */,
			);
		};
/* End PBXProject section */

/* Begin PBXResourcesBuildPhase section */
		4625D6591909EB4900F88DC4 /* Resources */ = {
			isa = PBXResourcesBuildPhase;
			buildActionMask = 2147483647;
			files = (
				4625D6771909EB4900F88DC4 /* Images.xcassets in Resources */,
				4625D6691909EB4900F88DC4 /* InfoPlist.strings in Resources */,
				4625D6721909EB4900F88DC4 /* Main.storyboard in Resources */,
			);
			runOnlyForDeploymentPostprocessing = 0;
		};
		4625D67A1909EB4900F88DC4 /* Resources */ = {
			isa = PBXResourcesBuildPhase;
			buildActionMask = 2147483647;
			files = (
				4625D6881909EB4900F88DC4 /* InfoPlist.strings in Resources */,
			);
			runOnlyForDeploymentPostprocessing = 0;
		};
/* End PBXResourcesBuildPhase section */

/* Begin PBXSourcesBuildPhase section */
		4625D6571909EB4900F88DC4 /* Sources */ = {
			isa = PBXSourcesBuildPhase;
			buildActionMask = 2147483647;
			files = (
				4625D6751909EB4900F88DC4 /* LBTViewController.m in Sources */,
				4625D66B1909EB4900F88DC4 /* main.m in Sources */,
				4625D66F1909EB4900F88DC4 /* LBTAppDelegate.m in Sources */,
			);
			runOnlyForDeploymentPostprocessing = 0;
		};
		4625D6781909EB4900F88DC4 /* Sources */ = {
			isa = PBXSourcesBuildPhase;
			buildActionMask = 2147483647;
			files = (
				4625D68A1909EB4900F88DC4 /* KeyboardResizeTests.m in Sources */,
			);
			runOnlyForDeploymentPostprocessing = 0;
		};
/* End PBXSourcesBuildPhase section */

/* Begin PBXTargetDependency section */
		4625D6821909EB4900F88DC4 /* PBXTargetDependency */ = {
			isa = PBXTargetDependency;
			target = 4625D65A1909EB4900F88DC4 /* KeyboardResize */;
			targetProxy = 4625D6811909EB4900F88DC4 /* PBXContainerItemProxy */;
		};
/* End PBXTargetDependency section */

/* Begin PBXVariantGroup section */
		4625D6671909EB4900F88DC4 /* InfoPlist.strings */ = {
			isa = PBXVariantGroup;
			children = (
				4625D6681909EB4900F88DC4 /* en */,
			);
			name = InfoPlist.strings;
			sourceTree = "<group>";
		};
		4625D6701909EB4900F88DC4 /* Main.storyboard */ = {
			isa = PBXVariantGroup;
			children = (
				4625D6711909EB4900F88DC4 /* Base */,
			);
			name = Main.storyboard;
			sourceTree = "<group>";
		};
		4625D6861909EB4900F88DC4 /* InfoPlist.strings */ = {
			isa = PBXVariantGroup;
			children = (
				4625D6871909EB4900F88DC4 /* en */,
			);
			name = InfoPlist.strings;
			sourceTree = "<group>";
		};
/* End PBXVariantGroup section */

/* Begin XCBuildConfiguration section */
		4625D68B1909EB4900F88DC4 /* Debug */ = {
			isa = XCBuildConfiguration;
			buildSettings = {
				ALWAYS_SEARCH_USER_PATHS = NO;
				CLANG_CXX_LANGUAGE_STANDARD = "gnu++0x";
				CLANG_CXX_LIBRARY = "libc++";
				CLANG_ENABLE_MODULES = YES;
				CLANG_ENABLE_OBJC_ARC = YES;
				CLANG_WARN_BOOL_CONVERSION = YES;
				CLANG_WARN_CONSTANT_CONVERSION = YES;
				CLANG_WARN_DIRECT_OBJC_ISA_USAGE = YES_ERROR;
				CLANG_WARN_EMPTY_BODY = YES;
				CLANG_WARN_ENUM_CONVERSION = YES;
				CLANG_WARN_INT_CONVERSION = YES;
				CLANG_WARN_OBJC_ROOT_CLASS = YES_ERROR;
				CLANG_WARN__DUPLICATE_METHOD_MATCH = YES;
				"CODE_SIGN_IDENTITY[sdk=iphoneos*]" = "iPhone Developer";
				COPY_PHASE_STRIP = NO;
				GCC_C_LANGUAGE_STANDARD = gnu99;
				GCC_DYNAMIC_NO_PIC = NO;
				GCC_OPTIMIZATION_LEVEL = 0;
				GCC_PREPROCESSOR_DEFINITIONS = (
					"DEBUG=1",
					"$(inherited)",
				);
				GCC_SYMBOLS_PRIVATE_EXTERN = NO;
				GCC_WARN_64_TO_32_BIT_CONVERSION = YES;
				GCC_WARN_ABOUT_RETURN_TYPE = YES_ERROR;
				GCC_WARN_UNDECLARED_SELECTOR = YES;
				GCC_WARN_UNINITIALIZED_AUTOS = YES_AGGRESSIVE;
				GCC_WARN_UNUSED_FUNCTION = YES;
				GCC_WARN_UNUSED_VARIABLE = YES;
				IPHONEOS_DEPLOYMENT_TARGET = 7.1;
				ONLY_ACTIVE_ARCH = YES;
				SDKROOT = iphoneos;
			};
			name = Debug;
		};
		4625D68C1909EB4900F88DC4 /* Release */ = {
			isa = XCBuildConfiguration;
			buildSettings = {
				ALWAYS_SEARCH_USER_PATHS = NO;
				CLANG_CXX_LANGUAGE_STANDARD = "gnu++0x";
				CLANG_CXX_LIBRARY = "libc++";
				CLANG_ENABLE_MODULES = YES;
				CLANG_ENABLE_OBJC_ARC = YES;
				CLANG_WARN_BOOL_CONVERSION = YES;
				CLANG_WARN_CONSTANT_CONVERSION = YES;
				CLANG_WARN_DIRECT_OBJC_ISA_USAGE = YES_ERROR;
				CLANG_WARN_EMPTY_BODY = YES;
				CLANG_WARN_ENUM_CONVERSION = YES;
				CLANG_WARN_INT_CONVERSION = YES;
				CLANG_WARN_OBJC_ROOT_CLASS = YES_ERROR;
				CLANG_WARN__DUPLICATE_METHOD_MATCH = YES;
				"CODE_SIGN_IDENTITY[sdk=iphoneos*]" = "iPhone Developer";
				COPY_PHASE_STRIP = YES;
				ENABLE_NS_ASSERTIONS = NO;
				GCC_C_LANGUAGE_STANDARD = gnu99;
				GCC_WARN_64_TO_32_BIT_CONVERSION = YES;
				GCC_WARN_ABOUT_RETURN_TYPE = YES_ERROR;
				GCC_WARN_UNDECLARED_SELECTOR = YES;
				GCC_WARN_UNINITIALIZED_AUTOS = YES_AGGRESSIVE;
				GCC_WARN_UNUSED_FUNCTION = YES;
				GCC_WARN_UNUSED_VARIABLE = YES;
				IPHONEOS_DEPLOYMENT_TARGET = 7.1;
				SDKROOT = iphoneos;
				VALIDATE_PRODUCT = YES;
			};
			name = Release;
		};
		4625D68E1909EB4900F88DC4 /* Debug */ = {
			isa = XCBuildConfiguration;
			buildSettings = {
				ASSETCATALOG_COMPILER_APPICON_NAME = AppIcon;
				ASSETCATALOG_COMPILER_LAUNCHIMAGE_NAME = LaunchImage;
				GCC_PRECOMPILE_PREFIX_HEADER = YES;
				GCC_PREFIX_HEADER = "KeyboardResize/KeyboardResize-Prefix.pch";
				INFOPLIST_FILE = "KeyboardResize/KeyboardResize-Info.plist";
				PRODUCT_NAME = "$(TARGET_NAME)";
				WRAPPER_EXTENSION = app;
			};
			name = Debug;
		};
		4625D68F1909EB4900F88DC4 /* Release */ = {
			isa = XCBuildConfiguration;
			buildSettings = {
				ASSETCATALOG_COMPILER_APPICON_NAME = AppIcon;
				ASSETCATALOG_COMPILER_LAUNCHIMAGE_NAME = LaunchImage;
				GCC_PRECOMPILE_PREFIX_HEADER = YES;
				GCC_PREFIX_HEADER = "KeyboardResize/KeyboardResize-Prefix.pch";
				INFOPLIST_FILE = "KeyboardResize/KeyboardResize-Info.plist";
				PRODUCT_NAME = "$(TARGET_NAME)";
				WRAPPER_EXTENSION = app;
			};
			name = Release;
		};
		4625D6911909EB4900F88DC4 /* Debug */ = {
			isa = XCBuildConfiguration;
			buildSettings = {
				BUNDLE_LOADER = "$(BUILT_PRODUCTS_DIR)/KeyboardResize.app/KeyboardResize";
				FRAMEWORK_SEARCH_PATHS = (
					"$(SDKROOT)/Developer/Library/Frameworks",
					"$(inherited)",
					"$(DEVELOPER_FRAMEWORKS_DIR)",
				);
				GCC_PRECOMPILE_PREFIX_HEADER = YES;
				GCC_PREFIX_HEADER = "KeyboardResize/KeyboardResize-Prefix.pch";
				GCC_PREPROCESSOR_DEFINITIONS = (
					"DEBUG=1",
					"$(inherited)",
				);
				INFOPLIST_FILE = "KeyboardResizeTests/KeyboardResizeTests-Info.plist";
				PRODUCT_NAME = "$(TARGET_NAME)";
				TEST_HOST = "$(BUNDLE_LOADER)";
				WRAPPER_EXTENSION = xctest;
			};
			name = Debug;
		};
		4625D6921909EB4900F88DC4 /* Release */ = {
			isa = XCBuildConfiguration;
			buildSettings = {
				BUNDLE_LOADER = "$(BUILT_PRODUCTS_DIR)/KeyboardResize.app/KeyboardResize";
				FRAMEWORK_SEARCH_PATHS = (
					"$(SDKROOT)/Developer/Library/Frameworks",
					"$(inherited)",
					"$(DEVELOPER_FRAMEWORKS_DIR)",
				);
				GCC_PRECOMPILE_PREFIX_HEADER = YES;
				GCC_PREFIX_HEADER = "KeyboardResize/KeyboardResize-Prefix.pch";
				INFOPLIST_FILE = "KeyboardResizeTests/KeyboardResizeTests-Info.plist";
				PRODUCT_NAME = "$(TARGET_NAME)";
				TEST_HOST = "$(BUNDLE_LOADER)";
				WRAPPER_EXTENSION = xctest;
			};
			name = Release;
		};
/* End XCBuildConfiguration section */

/* Begin XCConfigurationList section */
		4625D6561909EB4900F88DC4 /* Build configuration list for PBXProject "KeyboardResize" */ = {
			isa = XCConfigurationList;
			buildConfigurations = (
				4625D68B1909EB4900F88DC4 /* Debug */,
				4625D68C1909EB4900F88DC4 /* Release */,
			);
			defaultConfigurationIsVisible = 0;
			defaultConfigurationName = Release;
		};
		4625D68D1909EB4900F88DC4 /* Build configuration list for PBXNativeTarget "KeyboardResize" */ = {
			isa = XCConfigurationList;
			buildConfigurations = (
				4625D68E1909EB4900F88DC4 /* Debug */,
				4625D68F1909EB4900F88DC4 /* Release */,
			);
			defaultConfigurationIsVisible = 0;
		};
		4625D6901909EB4900F88DC4 /* Build configuration list for PBXNativeTarget "KeyboardResizeTests" */ = {
			isa = XCConfigurationList;
			buildConfigurations = (
				4625D6911909EB4900F88DC4 /* Debug */,
				4625D6921909EB4900F88DC4 /* Release */,
			);
			defaultConfigurationIsVisible = 0;
		};
/* End XCConfigurationList section */
	};
	rootObject = 4625D6531909EB4900F88DC4 /* Project object */;
}
